// !$*UTF8*$!
{
	archiveVersion = 1;
	classes = {
	};
	objectVersion = 56;
	objects = {

/* Begin PBXBuildFile section */
		3D0085CE2B1E2A2500CA304D /* PaymentAppApp.swift in Sources */ = {isa = PBXBuildFile; fileRef = 3D0085CD2B1E2A2500CA304D /* PaymentAppApp.swift */; };
		3D0085D02B1E2A2500CA304D /* ContentView.swift in Sources */ = {isa = PBXBuildFile; fileRef = 3D0085CF2B1E2A2500CA304D /* ContentView.swift */; };
		3D0085D22B1E2A2700CA304D /* Assets.xcassets in Resources */ = {isa = PBXBuildFile; fileRef = 3D0085D12B1E2A2700CA304D /* Assets.xcassets */; };
		3D0085D52B1E2A2700CA304D /* Preview Assets.xcassets in Resources */ = {isa = PBXBuildFile; fileRef = 3D0085D42B1E2A2700CA304D /* Preview Assets.xcassets */; };
		3D0085DD2B1E2AC900CA304D /* CreditCard.swift in Sources */ = {isa = PBXBuildFile; fileRef = 3D0085DC2B1E2AC900CA304D /* CreditCard.swift */; };
		3D0085E02B1E2B5000CA304D /* CreditCardType.swift in Sources */ = {isa = PBXBuildFile; fileRef = 3D0085DF2B1E2B5000CA304D /* CreditCardType.swift */; };
		3D0085E32B1E2CC100CA304D /* CreditCardView.swift in Sources */ = {isa = PBXBuildFile; fileRef = 3D0085E22B1E2CC100CA304D /* CreditCardView.swift */; };
		3D0085E62B1E306600CA304D /* SwiftUIFontIcon in Frameworks */ = {isa = PBXBuildFile; productRef = 3D0085E52B1E306600CA304D /* SwiftUIFontIcon */; };
		3D0085E82B1E310000CA304D /* ActionCreditCardButtonView.swift in Sources */ = {isa = PBXBuildFile; fileRef = 3D0085E72B1E310000CA304D /* ActionCreditCardButtonView.swift */; };
		3D0085EA2B1E4A1000CA304D /* AddCreditCardView.swift in Sources */ = {isa = PBXBuildFile; fileRef = 3D0085E92B1E4A1000CA304D /* AddCreditCardView.swift */; };
/* End PBXBuildFile section */

/* Begin PBXFileReference section */
		3D0085CA2B1E2A2500CA304D /* PaymentApp.app */ = {isa = PBXFileReference; explicitFileType = wrapper.application; includeInIndex = 0; path = PaymentApp.app; sourceTree = BUILT_PRODUCTS_DIR; };
		3D0085CD2B1E2A2500CA304D /* PaymentAppApp.swift */ = {isa = PBXFileReference; lastKnownFileType = sourcecode.swift; path = PaymentAppApp.swift; sourceTree = "<group>"; };
		3D0085CF2B1E2A2500CA304D /* ContentView.swift */ = {isa = PBXFileReference; lastKnownFileType = sourcecode.swift; path = ContentView.swift; sourceTree = "<group>"; };
		3D0085D12B1E2A2700CA304D /* Assets.xcassets */ = {isa = PBXFileReference; lastKnownFileType = folder.assetcatalog; path = Assets.xcassets; sourceTree = "<group>"; };
		3D0085D42B1E2A2700CA304D /* Preview Assets.xcassets */ = {isa = PBXFileReference; lastKnownFileType = folder.assetcatalog; path = "Preview Assets.xcassets"; sourceTree = "<group>"; };
		3D0085DC2B1E2AC900CA304D /* CreditCard.swift */ = {isa = PBXFileReference; lastKnownFileType = sourcecode.swift; path = CreditCard.swift; sourceTree = "<group>"; };
		3D0085DF2B1E2B5000CA304D /* CreditCardType.swift */ = {isa = PBXFileReference; lastKnownFileType = sourcecode.swift; path = CreditCardType.swift; sourceTree = "<group>"; };
		3D0085E22B1E2CC100CA304D /* CreditCardView.swift */ = {isa = PBXFileReference; lastKnownFileType = sourcecode.swift; path = CreditCardView.swift; sourceTree = "<group>"; };
		3D0085E72B1E310000CA304D /* ActionCreditCardButtonView.swift */ = {isa = PBXFileReference; lastKnownFileType = sourcecode.swift; path = ActionCreditCardButtonView.swift; sourceTree = "<group>"; };
		3D0085E92B1E4A1000CA304D /* AddCreditCardView.swift */ = {isa = PBXFileReference; lastKnownFileType = sourcecode.swift; path = AddCreditCardView.swift; sourceTree = "<group>"; };
/* End PBXFileReference section */

/* Begin PBXFrameworksBuildPhase section */
		3D0085C72B1E2A2500CA304D /* Frameworks */ = {
			isa = PBXFrameworksBuildPhase;
			buildActionMask = 2147483647;
			files = (
				3D0085E62B1E306600CA304D /* SwiftUIFontIcon in Frameworks */,
			);
			runOnlyForDeploymentPostprocessing = 0;
		};
/* End PBXFrameworksBuildPhase section */

/* Begin PBXGroup section */
		3D0085C12B1E2A2500CA304D = {
			isa = PBXGroup;
			children = (
				3D0085CC2B1E2A2500CA304D /* PaymentApp */,
				3D0085CB2B1E2A2500CA304D /* Products */,
			);
			sourceTree = "<group>";
		};
		3D0085CB2B1E2A2500CA304D /* Products */ = {
			isa = PBXGroup;
			children = (
				3D0085CA2B1E2A2500CA304D /* PaymentApp.app */,
			);
			name = Products;
			sourceTree = "<group>";
		};
		3D0085CC2B1E2A2500CA304D /* PaymentApp */ = {
			isa = PBXGroup;
			children = (
				3D0085E12B1E2CB200CA304D /* View */,
				3D0085DB2B1E2AB900CA304D /* Model */,
				3D0085CD2B1E2A2500CA304D /* PaymentAppApp.swift */,
				3D0085CF2B1E2A2500CA304D /* ContentView.swift */,
				3D0085D12B1E2A2700CA304D /* Assets.xcassets */,
				3D0085D32B1E2A2700CA304D /* Preview Content */,
			);
			path = PaymentApp;
			sourceTree = "<group>";
		};
		3D0085D32B1E2A2700CA304D /* Preview Content */ = {
			isa = PBXGroup;
			children = (
				3D0085D42B1E2A2700CA304D /* Preview Assets.xcassets */,
			);
			path = "Preview Content";
			sourceTree = "<group>";
		};
		3D0085DB2B1E2AB900CA304D /* Model */ = {
			isa = PBXGroup;
			children = (
				3D0085DE2B1E2B4500CA304D /* Enum */,
				3D0085DC2B1E2AC900CA304D /* CreditCard.swift */,
			);
			path = Model;
			sourceTree = "<group>";
		};
		3D0085DE2B1E2B4500CA304D /* Enum */ = {
			isa = PBXGroup;
			children = (
				3D0085DF2B1E2B5000CA304D /* CreditCardType.swift */,
			);
			path = Enum;
			sourceTree = "<group>";
		};
		3D0085E12B1E2CB200CA304D /* View */ = {
			isa = PBXGroup;
			children = (
				3D0085E22B1E2CC100CA304D /* CreditCardView.swift */,
				3D0085E72B1E310000CA304D /* ActionCreditCardButtonView.swift */,
				3D0085E92B1E4A1000CA304D /* AddCreditCardView.swift */,
			);
			path = View;
			sourceTree = "<group>";
		};
/* End PBXGroup section */

/* Begin PBXNativeTarget section */
		3D0085C92B1E2A2500CA304D /* PaymentApp */ = {
			isa = PBXNativeTarget;
			buildConfigurationList = 3D0085D82B1E2A2700CA304D /* Build configuration list for PBXNativeTarget "PaymentApp" */;
			buildPhases = (
				3D0085C62B1E2A2500CA304D /* Sources */,
				3D0085C72B1E2A2500CA304D /* Frameworks */,
				3D0085C82B1E2A2500CA304D /* Resources */,
			);
			buildRules = (
			);
			dependencies = (
			);
			name = PaymentApp;
			packageProductDependencies = (
				3D0085E52B1E306600CA304D /* SwiftUIFontIcon */,
			);
			productName = PaymentApp;
			productReference = 3D0085CA2B1E2A2500CA304D /* PaymentApp.app */;
			productType = "com.apple.product-type.application";
		};
/* End PBXNativeTarget section */

/* Begin PBXProject section */
		3D0085C22B1E2A2500CA304D /* Project object */ = {
			isa = PBXProject;
			attributes = {
				BuildIndependentTargetsInParallel = 1;
				LastSwiftUpdateCheck = 1500;
				LastUpgradeCheck = 1500;
				TargetAttributes = {
					3D0085C92B1E2A2500CA304D = {
						CreatedOnToolsVersion = 15.0.1;
					};
				};
			};
			buildConfigurationList = 3D0085C52B1E2A2500CA304D /* Build configuration list for PBXProject "PaymentApp" */;
			compatibilityVersion = "Xcode 14.0";
			developmentRegion = en;
			hasScannedForEncodings = 0;
			knownRegions = (
				en,
				Base,
			);
			mainGroup = 3D0085C12B1E2A2500CA304D;
			packageReferences = (
				3D0085E42B1E306600CA304D /* XCRemoteSwiftPackageReference "SwiftUIFontIcon" */,
			);
			productRefGroup = 3D0085CB2B1E2A2500CA304D /* Products */;
			projectDirPath = "";
			projectRoot = "";
			targets = (
				3D0085C92B1E2A2500CA304D /* PaymentApp */,
			);
		};
/* End PBXProject section */

/* Begin PBXResourcesBuildPhase section */
		3D0085C82B1E2A2500CA304D /* Resources */ = {
			isa = PBXResourcesBuildPhase;
			buildActionMask = 2147483647;
			files = (
				3D0085D52B1E2A2700CA304D /* Preview Assets.xcassets in Resources */,
				3D0085D22B1E2A2700CA304D /* Assets.xcassets in Resources */,
			);
			runOnlyForDeploymentPostprocessing = 0;
		};
/* End PBXResourcesBuildPhase section */

/* Begin PBXSourcesBuildPhase section */
		3D0085C62B1E2A2500CA304D /* Sources */ = {
			isa = PBXSourcesBuildPhase;
			buildActionMask = 2147483647;
			files = (
				3D0085E82B1E310000CA304D /* ActionCreditCardButtonView.swift in Sources */,
				3D0085DD2B1E2AC900CA304D /* CreditCard.swift in Sources */,
				3D0085EA2B1E4A1000CA304D /* AddCreditCardView.swift in Sources */,
				3D0085E02B1E2B5000CA304D /* CreditCardType.swift in Sources */,
				3D0085D02B1E2A2500CA304D /* ContentView.swift in Sources */,
				3D0085E32B1E2CC100CA304D /* CreditCardView.swift in Sources */,
				3D0085CE2B1E2A2500CA304D /* PaymentAppApp.swift in Sources */,
			);
			runOnlyForDeploymentPostprocessing = 0;
		};
/* End PBXSourcesBuildPhase section */

/* Begin XCBuildConfiguration section */
		3D0085D62B1E2A2700CA304D /* Debug */ = {
			isa = XCBuildConfiguration;
			buildSettings = {
				ALWAYS_SEARCH_USER_PATHS = NO;
				ASSETCATALOG_COMPILER_GENERATE_SWIFT_ASSET_SYMBOL_EXTENSIONS = YES;
				CLANG_ANALYZER_NONNULL = YES;
				CLANG_ANALYZER_NUMBER_OBJECT_CONVERSION = YES_AGGRESSIVE;
				CLANG_CXX_LANGUAGE_STANDARD = "gnu++20";
				CLANG_ENABLE_MODULES = YES;
				CLANG_ENABLE_OBJC_ARC = YES;
				CLANG_ENABLE_OBJC_WEAK = YES;
				CLANG_WARN_BLOCK_CAPTURE_AUTORELEASING = YES;
				CLANG_WARN_BOOL_CONVERSION = YES;
				CLANG_WARN_COMMA = YES;
				CLANG_WARN_CONSTANT_CONVERSION = YES;
				CLANG_WARN_DEPRECATED_OBJC_IMPLEMENTATIONS = YES;
				CLANG_WARN_DIRECT_OBJC_ISA_USAGE = YES_ERROR;
				CLANG_WARN_DOCUMENTATION_COMMENTS = YES;
				CLANG_WARN_EMPTY_BODY = YES;
				CLANG_WARN_ENUM_CONVERSION = YES;
				CLANG_WARN_INFINITE_RECURSION = YES;
				CLANG_WARN_INT_CONVERSION = YES;
				CLANG_WARN_NON_LITERAL_NULL_CONVERSION = YES;
				CLANG_WARN_OBJC_IMPLICIT_RETAIN_SELF = YES;
				CLANG_WARN_OBJC_LITERAL_CONVERSION = YES;
				CLANG_WARN_OBJC_ROOT_CLASS = YES_ERROR;
				CLANG_WARN_QUOTED_INCLUDE_IN_FRAMEWORK_HEADER = YES;
				CLANG_WARN_RANGE_LOOP_ANALYSIS = YES;
				CLANG_WARN_STRICT_PROTOTYPES = YES;
				CLANG_WARN_SUSPICIOUS_MOVE = YES;
				CLANG_WARN_UNGUARDED_AVAILABILITY = YES_AGGRESSIVE;
				CLANG_WARN_UNREACHABLE_CODE = YES;
				CLANG_WARN__DUPLICATE_METHOD_MATCH = YES;
				COPY_PHASE_STRIP = NO;
				DEBUG_INFORMATION_FORMAT = dwarf;
				ENABLE_STRICT_OBJC_MSGSEND = YES;
				ENABLE_TESTABILITY = YES;
				ENABLE_USER_SCRIPT_SANDBOXING = YES;
				GCC_C_LANGUAGE_STANDARD = gnu17;
				GCC_DYNAMIC_NO_PIC = NO;
				GCC_NO_COMMON_BLOCKS = YES;
				GCC_OPTIMIZATION_LEVEL = 0;
				GCC_PREPROCESSOR_DEFINITIONS = (
					"DEBUG=1",
					"$(inherited)",
				);
				GCC_WARN_64_TO_32_BIT_CONVERSION = YES;
				GCC_WARN_ABOUT_RETURN_TYPE = YES_ERROR;
				GCC_WARN_UNDECLARED_SELECTOR = YES;
				GCC_WARN_UNINITIALIZED_AUTOS = YES_AGGRESSIVE;
				GCC_WARN_UNUSED_FUNCTION = YES;
				GCC_WARN_UNUSED_VARIABLE = YES;
				IPHONEOS_DEPLOYMENT_TARGET = 17.0;
				LOCALIZATION_PREFERS_STRING_CATALOGS = YES;
				MTL_ENABLE_DEBUG_INFO = INCLUDE_SOURCE;
				MTL_FAST_MATH = YES;
				ONLY_ACTIVE_ARCH = YES;
				SDKROOT = iphoneos;
				SWIFT_ACTIVE_COMPILATION_CONDITIONS = "DEBUG $(inherited)";
				SWIFT_OPTIMIZATION_LEVEL = "-Onone";
			};
			name = Debug;
		};
		3D0085D72B1E2A2700CA304D /* Release */ = {
			isa = XCBuildConfiguration;
			buildSettings = {
				ALWAYS_SEARCH_USER_PATHS = NO;
				ASSETCATALOG_COMPILER_GENERATE_SWIFT_ASSET_SYMBOL_EXTENSIONS = YES;
				CLANG_ANALYZER_NONNULL = YES;
				CLANG_ANALYZER_NUMBER_OBJECT_CONVERSION = YES_AGGRESSIVE;
				CLANG_CXX_LANGUAGE_STANDARD = "gnu++20";
				CLANG_ENABLE_MODULES = YES;
				CLANG_ENABLE_OBJC_ARC = YES;
				CLANG_ENABLE_OBJC_WEAK = YES;
				CLANG_WARN_BLOCK_CAPTURE_AUTORELEASING = YES;
				CLANG_WARN_BOOL_CONVERSION = YES;
				CLANG_WARN_COMMA = YES;
				CLANG_WARN_CONSTANT_CONVERSION = YES;
				CLANG_WARN_DEPRECATED_OBJC_IMPLEMENTATIONS = YES;
				CLANG_WARN_DIRECT_OBJC_ISA_USAGE = YES_ERROR;
				CLANG_WARN_DOCUMENTATION_COMMENTS = YES;
				CLANG_WARN_EMPTY_BODY = YES;
				CLANG_WARN_ENUM_CONVERSION = YES;
				CLANG_WARN_INFINITE_RECURSION = YES;
				CLANG_WARN_INT_CONVERSION = YES;
				CLANG_WARN_NON_LITERAL_NULL_CONVERSION = YES;
				CLANG_WARN_OBJC_IMPLICIT_RETAIN_SELF = YES;
				CLANG_WARN_OBJC_LITERAL_CONVERSION = YES;
				CLANG_WARN_OBJC_ROOT_CLASS = YES_ERROR;
				CLANG_WARN_QUOTED_INCLUDE_IN_FRAMEWORK_HEADER = YES;
				CLANG_WARN_RANGE_LOOP_ANALYSIS = YES;
				CLANG_WARN_STRICT_PROTOTYPES = YES;
				CLANG_WARN_SUSPICIOUS_MOVE = YES;
				CLANG_WARN_UNGUARDED_AVAILABILITY = YES_AGGRESSIVE;
				CLANG_WARN_UNREACHABLE_CODE = YES;
				CLANG_WARN__DUPLICATE_METHOD_MATCH = YES;
				COPY_PHASE_STRIP = NO;
				DEBUG_INFORMATION_FORMAT = "dwarf-with-dsym";
				ENABLE_NS_ASSERTIONS = NO;
				ENABLE_STRICT_OBJC_MSGSEND = YES;
				ENABLE_USER_SCRIPT_SANDBOXING = YES;
				GCC_C_LANGUAGE_STANDARD = gnu17;
				GCC_NO_COMMON_BLOCKS = YES;
				GCC_WARN_64_TO_32_BIT_CONVERSION = YES;
				GCC_WARN_ABOUT_RETURN_TYPE = YES_ERROR;
				GCC_WARN_UNDECLARED_SELECTOR = YES;
				GCC_WARN_UNINITIALIZED_AUTOS = YES_AGGRESSIVE;
				GCC_WARN_UNUSED_FUNCTION = YES;
				GCC_WARN_UNUSED_VARIABLE = YES;
				IPHONEOS_DEPLOYMENT_TARGET = 17.0;
				LOCALIZATION_PREFERS_STRING_CATALOGS = YES;
				MTL_ENABLE_DEBUG_INFO = NO;
				MTL_FAST_MATH = YES;
				SDKROOT = iphoneos;
				SWIFT_COMPILATION_MODE = wholemodule;
				VALIDATE_PRODUCT = YES;
			};
			name = Release;
		};
		3D0085D92B1E2A2700CA304D /* Debug */ = {
			isa = XCBuildConfiguration;
			buildSettings = {
				ASSETCATALOG_COMPILER_APPICON_NAME = AppIcon;
				ASSETCATALOG_COMPILER_GLOBAL_ACCENT_COLOR_NAME = AccentColor;
				CODE_SIGN_STYLE = Automatic;
				CURRENT_PROJECT_VERSION = 1;
				DEVELOPMENT_ASSET_PATHS = "\"PaymentApp/Preview Content\"";
				ENABLE_PREVIEWS = YES;
				GENERATE_INFOPLIST_FILE = YES;
				INFOPLIST_KEY_UIApplicationSceneManifest_Generation = YES;
				INFOPLIST_KEY_UIApplicationSupportsIndirectInputEvents = YES;
				INFOPLIST_KEY_UILaunchScreen_Generation = YES;
				INFOPLIST_KEY_UISupportedInterfaceOrientations_iPad = "UIInterfaceOrientationPortrait UIInterfaceOrientationPortraitUpsideDown UIInterfaceOrientationLandscapeLeft UIInterfaceOrientationLandscapeRight";
				INFOPLIST_KEY_UISupportedInterfaceOrientations_iPhone = "UIInterfaceOrientationPortrait UIInterfaceOrientationLandscapeLeft UIInterfaceOrientationLandscapeRight";
				LD_RUNPATH_SEARCH_PATHS = (
					"$(inherited)",
					"@executable_path/Frameworks",
				);
				MARKETING_VERSION = 1.0;
				PRODUCT_BUNDLE_IDENTIFIER = com.ravikanth.PaymentApp;
				PRODUCT_NAME = "$(TARGET_NAME)";
				SWIFT_EMIT_LOC_STRINGS = YES;
				SWIFT_VERSION = 5.0;
				TARGETED_DEVICE_FAMILY = "1,2";
			};
			name = Debug;
		};
		3D0085DA2B1E2A2700CA304D /* Release */ = {
			isa = XCBuildConfiguration;
			buildSettings = {
				ASSETCATALOG_COMPILER_APPICON_NAME = AppIcon;
				ASSETCATALOG_COMPILER_GLOBAL_ACCENT_COLOR_NAME = AccentColor;
				CODE_SIGN_STYLE = Automatic;
				CURRENT_PROJECT_VERSION = 1;
				DEVELOPMENT_ASSET_PATHS = "\"PaymentApp/Preview Content\"";
				ENABLE_PREVIEWS = YES;
				GENERATE_INFOPLIST_FILE = YES;
				INFOPLIST_KEY_UIApplicationSceneManifest_Generation = YES;
				INFOPLIST_KEY_UIApplicationSupportsIndirectInputEvents = YES;
				INFOPLIST_KEY_UILaunchScreen_Generation = YES;
				INFOPLIST_KEY_UISupportedInterfaceOrientations_iPad = "UIInterfaceOrientationPortrait UIInterfaceOrientationPortraitUpsideDown UIInterfaceOrientationLandscapeLeft UIInterfaceOrientationLandscapeRight";
				INFOPLIST_KEY_UISupportedInterfaceOrientations_iPhone = "UIInterfaceOrientationPortrait UIInterfaceOrientationLandscapeLeft UIInterfaceOrientationLandscapeRight";
				LD_RUNPATH_SEARCH_PATHS = (
					"$(inherited)",
					"@executable_path/Frameworks",
				);
				MARKETING_VERSION = 1.0;
				PRODUCT_BUNDLE_IDENTIFIER = com.ravikanth.PaymentApp;
				PRODUCT_NAME = "$(TARGET_NAME)";
				SWIFT_EMIT_LOC_STRINGS = YES;
				SWIFT_VERSION = 5.0;
				TARGETED_DEVICE_FAMILY = "1,2";
			};
			name = Release;
		};
/* End XCBuildConfiguration section */

/* Begin XCConfigurationList section */
		3D0085C52B1E2A2500CA304D /* Build configuration list for PBXProject "PaymentApp" */ = {
			isa = XCConfigurationList;
			buildConfigurations = (
				3D0085D62B1E2A2700CA304D /* Debug */,
				3D0085D72B1E2A2700CA304D /* Release */,
			);
			defaultConfigurationIsVisible = 0;
			defaultConfigurationName = Release;
		};
		3D0085D82B1E2A2700CA304D /* Build configuration list for PBXNativeTarget "PaymentApp" */ = {
			isa = XCConfigurationList;
			buildConfigurations = (
				3D0085D92B1E2A2700CA304D /* Debug */,
				3D0085DA2B1E2A2700CA304D /* Release */,
			);
			defaultConfigurationIsVisible = 0;
			defaultConfigurationName = Release;
		};
/* End XCConfigurationList section */

/* Begin XCRemoteSwiftPackageReference section */
		3D0085E42B1E306600CA304D /* XCRemoteSwiftPackageReference "SwiftUIFontIcon" */ = {
			isa = XCRemoteSwiftPackageReference;
			repositoryURL = "https://github.com/huybuidac/SwiftUIFontIcon";
			requirement = {
				kind = upToNextMajorVersion;
				minimumVersion = 2.1.0;
			};
		};
/* End XCRemoteSwiftPackageReference section */

/* Begin XCSwiftPackageProductDependency section */
		3D0085E52B1E306600CA304D /* SwiftUIFontIcon */ = {
			isa = XCSwiftPackageProductDependency;
			package = 3D0085E42B1E306600CA304D /* XCRemoteSwiftPackageReference "SwiftUIFontIcon" */;
			productName = SwiftUIFontIcon;
		};
/* End XCSwiftPackageProductDependency section */
	};
	rootObject = 3D0085C22B1E2A2500CA304D /* Project object */;
}
